
Microsoft Visual Studio Solution File, Format Version 12.00
# Visual Studio 15
VisualStudioVersion = 15.0.26430.6
MinimumVisualStudioVersion = 10.0.40219.1
Project("{FAE04EC0-301F-11D3-BF4B-00C04F79EFBC}") = "01.MathOperation", "01.MathOperation\01.MathOperation.csproj", "{94718C6F-A1A2-4BF1-B70C-B59F4FD7CA04}"
EndProject
Project("{FAE04EC0-301F-11D3-BF4B-00C04F79EFBC}") = "02.Animals", "02.Animals\02.Animals.csproj", "{F0F761BF-71AF-4DD0-A8E8-3E87BE5B259E}"
EndProject
Project("{FAE04EC0-301F-11D3-BF4B-00C04F79EFBC}") = "03.Shapes", "03.Shapes\03.Shapes.csproj", "{0616AA5D-8135-4659-8892-AF75EB4E64D0}"
EndProject
Global
	GlobalSection(SolutionConfigurationPlatforms) = preSolution
		Debug|Any CPU = Debug|Any CPU
		Release|Any CPU = Release|Any CPU
	EndGlobalSection
	GlobalSection(ProjectConfigurationPlatforms) = postSolution
		{94718C6F-A1A2-4BF1-B70C-B59F4FD7CA04}.Debug|Any CPU.ActiveCfg = Debug|Any CPU
		{94718C6F-A1A2-4BF1-B70C-B59F4FD7CA04}.Debug|Any CPU.Build.0 = Debug|Any CPU
		{94718C6F-A1A2-4BF1-B70C-B59F4FD7CA04}.Release|Any CPU.ActiveCfg = Release|Any CPU
		{94718C6F-A1A2-4BF1-B70C-B59F4FD7CA04}.Release|Any CPU.Build.0 = Release|Any CPU
		{F0F761BF-71AF-4DD0-A8E8-3E87BE5B259E}.Debug|Any CPU.ActiveCfg = Debug|Any CPU
		{F0F761BF-71AF-4DD0-A8E8-3E87BE5B259E}.Debug|Any CPU.Build.0 = Debug|Any CPU
		{F0F761BF-71AF-4DD0-A8E8-3E87BE5B259E}.Release|Any CPU.ActiveCfg = Release|Any CPU
		{F0F761BF-71AF-4DD0-A8E8-3E87BE5B259E}.Release|Any CPU.Build.0 = Release|Any CPU
		{0616AA5D-8135-4659-8892-AF75EB4E64D0}.Debug|Any CPU.ActiveCfg = Debug|Any CPU
		{0616AA5D-8135-4659-8892-AF75EB4E64D0}.Debug|Any CPU.Build.0 = Debug|Any CPU
		{0616AA5D-8135-4659-8892-AF75EB4E64D0}.Release|Any CPU.ActiveCfg = Release|Any CPU
		{0616AA5D-8135-4659-8892-AF75EB4E64D0}.Release|Any CPU.Build.0 = Release|Any CPU
	EndGlobalSection
	GlobalSection(SolutionProperties) = preSolution
		HideSolutionNode = FALSE
	EndGlobalSection
EndGlobal
