
Microsoft Visual Studio Solution File, Format Version 12.00
# Visual Studio 15
VisualStudioVersion = 15.0.26430.6
MinimumVisualStudioVersion = 10.0.40219.1
Project("{FAE04EC0-301F-11D3-BF4B-00C04F79EFBC}") = "01.DefineAClassPerson", "01.DefineAClassPerson\01.DefineAClassPerson.csproj", "{DCA08FAD-69C6-4B0B-BC8D-910600E81DCF}"
EndProject
Project("{FAE04EC0-301F-11D3-BF4B-00C04F79EFBC}") = "02.CreatingConstructors", "02.CreatingConstructors\02.CreatingConstructors.csproj", "{4AB92C5B-5C33-4D27-9DC7-CEF5989586E4}"
EndProject
Project("{FAE04EC0-301F-11D3-BF4B-00C04F79EFBC}") = "03.OldestFamillyMember", "03.OldestFamillyMember\03.OldestFamillyMember.csproj", "{9401FD31-5530-4D6C-BABE-2F360B342326}"
EndProject
Project("{FAE04EC0-301F-11D3-BF4B-00C04F79EFBC}") = "04.OpinionPoll", "04.OpinionPoll\04.OpinionPoll.csproj", "{91A49227-E357-48CF-A4B0-ECAE74D8E077}"
EndProject
Project("{FAE04EC0-301F-11D3-BF4B-00C04F79EFBC}") = "05.DateModifier", "05.DateModifier\05.DateModifier.csproj", "{66B8FC3F-5157-4E66-AEC7-DA97C26EBF60}"
EndProject
Project("{FAE04EC0-301F-11D3-BF4B-00C04F79EFBC}") = "06.CompanyRoster", "06.CompanyRoster\06.CompanyRoster.csproj", "{2306E522-F245-4F81-B711-A913D3FF295E}"
EndProject
Project("{FAE04EC0-301F-11D3-BF4B-00C04F79EFBC}") = "07.SpeedRacing", "07.SpeedRacing\07.SpeedRacing.csproj", "{02B53C87-4139-452B-B83E-334929DFD79C}"
EndProject
Project("{FAE04EC0-301F-11D3-BF4B-00C04F79EFBC}") = "08.RawData", "08.RawData\08.RawData.csproj", "{84BCEF14-2310-476C-B421-05EDAEEF7624}"
EndProject
Project("{FAE04EC0-301F-11D3-BF4B-00C04F79EFBC}") = "09.RectangleIntersection", "09.RectangleIntersection\09.RectangleIntersection.csproj", "{6B713BF8-8014-4A39-AF86-8494E256D474}"
EndProject
Project("{FAE04EC0-301F-11D3-BF4B-00C04F79EFBC}") = "10.CarSalesman", "10.CarSalesman\10.CarSalesman.csproj", "{D43C5AF7-B5CD-4259-8A08-8E6F24EF80D6}"
EndProject
Project("{FAE04EC0-301F-11D3-BF4B-00C04F79EFBC}") = "11.PokemonTrainer", "11.PokemonTrainer\11.PokemonTrainer.csproj", "{D20937C1-7D59-4FE5-B94E-6960D9128A25}"
EndProject
Global
	GlobalSection(SolutionConfigurationPlatforms) = preSolution
		Debug|Any CPU = Debug|Any CPU
		Release|Any CPU = Release|Any CPU
	EndGlobalSection
	GlobalSection(ProjectConfigurationPlatforms) = postSolution
		{DCA08FAD-69C6-4B0B-BC8D-910600E81DCF}.Debug|Any CPU.ActiveCfg = Debug|Any CPU
		{DCA08FAD-69C6-4B0B-BC8D-910600E81DCF}.Debug|Any CPU.Build.0 = Debug|Any CPU
		{DCA08FAD-69C6-4B0B-BC8D-910600E81DCF}.Release|Any CPU.ActiveCfg = Release|Any CPU
		{DCA08FAD-69C6-4B0B-BC8D-910600E81DCF}.Release|Any CPU.Build.0 = Release|Any CPU
		{4AB92C5B-5C33-4D27-9DC7-CEF5989586E4}.Debug|Any CPU.ActiveCfg = Debug|Any CPU
		{4AB92C5B-5C33-4D27-9DC7-CEF5989586E4}.Debug|Any CPU.Build.0 = Debug|Any CPU
		{4AB92C5B-5C33-4D27-9DC7-CEF5989586E4}.Release|Any CPU.ActiveCfg = Release|Any CPU
		{4AB92C5B-5C33-4D27-9DC7-CEF5989586E4}.Release|Any CPU.Build.0 = Release|Any CPU
		{9401FD31-5530-4D6C-BABE-2F360B342326}.Debug|Any CPU.ActiveCfg = Debug|Any CPU
		{9401FD31-5530-4D6C-BABE-2F360B342326}.Debug|Any CPU.Build.0 = Debug|Any CPU
		{9401FD31-5530-4D6C-BABE-2F360B342326}.Release|Any CPU.ActiveCfg = Release|Any CPU
		{9401FD31-5530-4D6C-BABE-2F360B342326}.Release|Any CPU.Build.0 = Release|Any CPU
		{91A49227-E357-48CF-A4B0-ECAE74D8E077}.Debug|Any CPU.ActiveCfg = Debug|Any CPU
		{91A49227-E357-48CF-A4B0-ECAE74D8E077}.Debug|Any CPU.Build.0 = Debug|Any CPU
		{91A49227-E357-48CF-A4B0-ECAE74D8E077}.Release|Any CPU.ActiveCfg = Release|Any CPU
		{91A49227-E357-48CF-A4B0-ECAE74D8E077}.Release|Any CPU.Build.0 = Release|Any CPU
		{66B8FC3F-5157-4E66-AEC7-DA97C26EBF60}.Debug|Any CPU.ActiveCfg = Debug|Any CPU
		{66B8FC3F-5157-4E66-AEC7-DA97C26EBF60}.Debug|Any CPU.Build.0 = Debug|Any CPU
		{66B8FC3F-5157-4E66-AEC7-DA97C26EBF60}.Release|Any CPU.ActiveCfg = Release|Any CPU
		{66B8FC3F-5157-4E66-AEC7-DA97C26EBF60}.Release|Any CPU.Build.0 = Release|Any CPU
		{2306E522-F245-4F81-B711-A913D3FF295E}.Debug|Any CPU.ActiveCfg = Debug|Any CPU
		{2306E522-F245-4F81-B711-A913D3FF295E}.Debug|Any CPU.Build.0 = Debug|Any CPU
		{2306E522-F245-4F81-B711-A913D3FF295E}.Release|Any CPU.ActiveCfg = Release|Any CPU
		{2306E522-F245-4F81-B711-A913D3FF295E}.Release|Any CPU.Build.0 = Release|Any CPU
		{02B53C87-4139-452B-B83E-334929DFD79C}.Debug|Any CPU.ActiveCfg = Debug|Any CPU
		{02B53C87-4139-452B-B83E-334929DFD79C}.Debug|Any CPU.Build.0 = Debug|Any CPU
		{02B53C87-4139-452B-B83E-334929DFD79C}.Release|Any CPU.ActiveCfg = Release|Any CPU
		{02B53C87-4139-452B-B83E-334929DFD79C}.Release|Any CPU.Build.0 = Release|Any CPU
		{84BCEF14-2310-476C-B421-05EDAEEF7624}.Debug|Any CPU.ActiveCfg = Debug|Any CPU
		{84BCEF14-2310-476C-B421-05EDAEEF7624}.Debug|Any CPU.Build.0 = Debug|Any CPU
		{84BCEF14-2310-476C-B421-05EDAEEF7624}.Release|Any CPU.ActiveCfg = Release|Any CPU
		{84BCEF14-2310-476C-B421-05EDAEEF7624}.Release|Any CPU.Build.0 = Release|Any CPU
		{6B713BF8-8014-4A39-AF86-8494E256D474}.Debug|Any CPU.ActiveCfg = Debug|Any CPU
		{6B713BF8-8014-4A39-AF86-8494E256D474}.Debug|Any CPU.Build.0 = Debug|Any CPU
		{6B713BF8-8014-4A39-AF86-8494E256D474}.Release|Any CPU.ActiveCfg = Release|Any CPU
		{6B713BF8-8014-4A39-AF86-8494E256D474}.Release|Any CPU.Build.0 = Release|Any CPU
		{D43C5AF7-B5CD-4259-8A08-8E6F24EF80D6}.Debug|Any CPU.ActiveCfg = Debug|Any CPU
		{D43C5AF7-B5CD-4259-8A08-8E6F24EF80D6}.Debug|Any CPU.Build.0 = Debug|Any CPU
		{D43C5AF7-B5CD-4259-8A08-8E6F24EF80D6}.Release|Any CPU.ActiveCfg = Release|Any CPU
		{D43C5AF7-B5CD-4259-8A08-8E6F24EF80D6}.Release|Any CPU.Build.0 = Release|Any CPU
		{D20937C1-7D59-4FE5-B94E-6960D9128A25}.Debug|Any CPU.ActiveCfg = Debug|Any CPU
		{D20937C1-7D59-4FE5-B94E-6960D9128A25}.Debug|Any CPU.Build.0 = Debug|Any CPU
		{D20937C1-7D59-4FE5-B94E-6960D9128A25}.Release|Any CPU.ActiveCfg = Release|Any CPU
		{D20937C1-7D59-4FE5-B94E-6960D9128A25}.Release|Any CPU.Build.0 = Release|Any CPU
	EndGlobalSection
	GlobalSection(SolutionProperties) = preSolution
		HideSolutionNode = FALSE
	EndGlobalSection
EndGlobal
